<?xml version="1.0" encoding="utf-8"?>
<Project ToolsVersion="17.0" xmlns="http://schemas.microsoft.com/developer/msbuild/2003">
  <ItemGroup>
    <ClCompile Include="D:\workspaces\yakety\src\recorder.c">
      <Filter>Source Files</Filter>
    </ClCompile>
    <ClCompile Include="D:\workspaces\yakety\src\audio.c">
      <Filter>Source Files</Filter>
    </ClCompile>
  </ItemGroup>
  <ItemGroup>
    <CustomBuild Include="D:\workspaces\yakety\CMakeLists.txt" />
  </ItemGroup>
  <ItemGroup>
    <Filter Include="Source Files">
      <UniqueIdentifier>{4E2A950F-E6CE-3073-94AA-C551BB9D51DC}</UniqueIdentifier>
    </Filter>
  </ItemGroup>
</Project>
